
Microsoft Visual Studio Solution File, Format Version 12.00
# Visual Studio 14
VisualStudioVersion = 14.0.23107.0
MinimumVisualStudioVersion = 10.0.40219.1
Project("{8BC9CEB8-8B4A-11D0-8D11-00A0C91BC942}") = "curve25519", "curve25519\curve25519.vcxproj", "{9488CCAE-9642-4219-B2A3-164E7415F7B3}"
EndProject
Project("{FAE04EC0-301F-11D3-BF4B-00C04F79EFBC}") = "curve25519-test", "curve25519-test\curve25519-test.csproj", "{D3B89A4C-456B-4FF8-883E-68097B43DE41}"
EndProject
Global
	GlobalSection(SolutionConfigurationPlatforms) = preSolution
		Debug|x64 = Debug|x64
		Debug|x86 = Debug|x86
		Release|x64 = Release|x64
		Release|x86 = Release|x86
	EndGlobalSection
	GlobalSection(ProjectConfigurationPlatforms) = postSolution
		{9488CCAE-9642-4219-B2A3-164E7415F7B3}.Debug|x64.ActiveCfg = Debug|x64
		{9488CCAE-9642-4219-B2A3-164E7415F7B3}.Debug|x64.Build.0 = Debug|x64
		{9488CCAE-9642-4219-B2A3-164E7415F7B3}.Debug|x86.ActiveCfg = Debug|Win32
		{9488CCAE-9642-4219-B2A3-164E7415F7B3}.Debug|x86.Build.0 = Debug|Win32
		{9488CCAE-9642-4219-B2A3-164E7415F7B3}.Release|x64.ActiveCfg = Release|x64
		{9488CCAE-9642-4219-B2A3-164E7415F7B3}.Release|x64.Build.0 = Release|x64
		{9488CCAE-9642-4219-B2A3-164E7415F7B3}.Release|x86.ActiveCfg = Release|Win32
		{9488CCAE-9642-4219-B2A3-164E7415F7B3}.Release|x86.Build.0 = Release|Win32
		{D3B89A4C-456B-4FF8-883E-68097B43DE41}.Debug|x64.ActiveCfg = Debug|x64
		{D3B89A4C-456B-4FF8-883E-68097B43DE41}.Debug|x64.Build.0 = Debug|x64
		{D3B89A4C-456B-4FF8-883E-68097B43DE41}.Debug|x86.ActiveCfg = Debug|x64
		{D3B89A4C-456B-4FF8-883E-68097B43DE41}.Debug|x86.Build.0 = Debug|x64
		{D3B89A4C-456B-4FF8-883E-68097B43DE41}.Release|x64.ActiveCfg = Release|x64
		{D3B89A4C-456B-4FF8-883E-68097B43DE41}.Release|x64.Build.0 = Release|x64
		{D3B89A4C-456B-4FF8-883E-68097B43DE41}.Release|x86.ActiveCfg = Release|x86
		{D3B89A4C-456B-4FF8-883E-68097B43DE41}.Release|x86.Build.0 = Release|x86
	EndGlobalSection
	GlobalSection(SolutionProperties) = preSolution
		HideSolutionNode = FALSE
	EndGlobalSection
EndGlobal
