<?xml version="1.0" encoding="utf-8"?>
<Project ToolsVersion="4.0" xmlns="http://schemas.microsoft.com/developer/msbuild/2003">
  <ItemGroup>
    <Filter Include="ed25519">
      <UniqueIdentifier>{b5fb66a2-45b5-4e97-bbf2-64b0532d1217}</UniqueIdentifier>
    </Filter>
    <Filter Include="ed25519\additions">
      <UniqueIdentifier>{722a7c5d-d054-44f6-b89d-eabc195addc5}</UniqueIdentifier>
    </Filter>
    <Filter Include="ed25519\nacl_includes">
      <UniqueIdentifier>{22e78312-0cef-4728-8182-f7a6ed612b42}</UniqueIdentifier>
    </Filter>
    <Filter Include="ed25519\nacl_sha512">
      <UniqueIdentifier>{cf3fabf3-da14-40fc-9421-8b6f86e5dc98}</UniqueIdentifier>
    </Filter>
  </ItemGroup>
  <ItemGroup>
    <ClInclude Include="pch.h" />
    <ClInclude Include="Curve25519_Internal.h" />
    <ClInclude Include="Curve25519Native.h" />
    <ClInclude Include="ed25519\api.h">
      <Filter>ed25519</Filter>
    </ClInclude>
    <ClInclude Include="ed25519\base.h">
      <Filter>ed25519</Filter>
    </ClInclude>
    <ClInclude Include="ed25519\base2.h">
      <Filter>ed25519</Filter>
    </ClInclude>
    <ClInclude Include="ed25519\d.h">
      <Filter>ed25519</Filter>
    </ClInclude>
    <ClInclude Include="ed25519\d2.h">
      <Filter>ed25519</Filter>
    </ClInclude>
    <ClInclude Include="ed25519\fe.h">
      <Filter>ed25519</Filter>
    </ClInclude>
    <ClInclude Include="ed25519\ge.h">
      <Filter>ed25519</Filter>
    </ClInclude>
    <ClInclude Include="ed25519\ge_add.h">
      <Filter>ed25519</Filter>
    </ClInclude>
    <ClInclude Include="ed25519\ge_madd.h">
      <Filter>ed25519</Filter>
    </ClInclude>
    <ClInclude Include="ed25519\ge_msub.h">
      <Filter>ed25519</Filter>
    </ClInclude>
    <ClInclude Include="ed25519\ge_p2_dbl.h">
      <Filter>ed25519</Filter>
    </ClInclude>
    <ClInclude Include="ed25519\ge_sub.h">
      <Filter>ed25519</Filter>
    </ClInclude>
    <ClInclude Include="ed25519\pow22523.h">
      <Filter>ed25519</Filter>
    </ClInclude>
    <ClInclude Include="ed25519\pow225521.h">
      <Filter>ed25519</Filter>
    </ClInclude>
    <ClInclude Include="ed25519\sc.h">
      <Filter>ed25519</Filter>
    </ClInclude>
    <ClInclude Include="ed25519\sqrtm1.h">
      <Filter>ed25519</Filter>
    </ClInclude>
    <ClInclude Include="ed25519\additions\compare.h">
      <Filter>ed25519\additions</Filter>
    </ClInclude>
    <ClInclude Include="ed25519\additions\crypto_hash_sha512.h">
      <Filter>ed25519\additions</Filter>
    </ClInclude>
    <ClInclude Include="ed25519\additions\curve_sigs.h">
      <Filter>ed25519\additions</Filter>
    </ClInclude>
    <ClInclude Include="ed25519\additions\zeroize.h">
      <Filter>ed25519\additions</Filter>
    </ClInclude>
    <ClInclude Include="ed25519\nacl_includes\crypto_verify_32.h">
      <Filter>ed25519\nacl_includes</Filter>
    </ClInclude>
    <ClInclude Include="ed25519\nacl_includes\crypto_int32.h">
      <Filter>ed25519\nacl_includes</Filter>
    </ClInclude>
    <ClInclude Include="ed25519\nacl_includes\crypto_int64.h">
      <Filter>ed25519\nacl_includes</Filter>
    </ClInclude>
    <ClInclude Include="ed25519\nacl_includes\crypto_sign.h">
      <Filter>ed25519\nacl_includes</Filter>
    </ClInclude>
    <ClInclude Include="ed25519\nacl_includes\crypto_sign_edwards25519sha512batch.h">
      <Filter>ed25519\nacl_includes</Filter>
    </ClInclude>
    <ClInclude Include="ed25519\nacl_includes\crypto_uint32.h">
      <Filter>ed25519\nacl_includes</Filter>
    </ClInclude>
    <ClInclude Include="ed25519\nacl_includes\crypto_uint64.h">
      <Filter>ed25519\nacl_includes</Filter>
    </ClInclude>
  </ItemGroup>
  <ItemGroup>
    <ClCompile Include="Curve25519_Internal.cpp" />
    <ClCompile Include="Curve25519Native.cpp" />
    <ClCompile Include="pch.cpp" />
    <ClCompile Include="AssemblyInfo.cpp" />
    <ClCompile Include="ed25519\fe_0.cpp">
      <Filter>ed25519</Filter>
    </ClCompile>
    <ClCompile Include="ed25519\fe_1.cpp">
      <Filter>ed25519</Filter>
    </ClCompile>
    <ClCompile Include="ed25519\fe_add.cpp">
      <Filter>ed25519</Filter>
    </ClCompile>
    <ClCompile Include="ed25519\fe_cmov.cpp">
      <Filter>ed25519</Filter>
    </ClCompile>
    <ClCompile Include="ed25519\fe_copy.cpp">
      <Filter>ed25519</Filter>
    </ClCompile>
    <ClCompile Include="ed25519\fe_frombytes.cpp">
      <Filter>ed25519</Filter>
    </ClCompile>
    <ClCompile Include="ed25519\fe_invert.cpp">
      <Filter>ed25519</Filter>
    </ClCompile>
    <ClCompile Include="ed25519\fe_isnegative.cpp">
      <Filter>ed25519</Filter>
    </ClCompile>
    <ClCompile Include="ed25519\fe_isnonzero.cpp">
      <Filter>ed25519</Filter>
    </ClCompile>
    <ClCompile Include="ed25519\fe_mul.cpp">
      <Filter>ed25519</Filter>
    </ClCompile>
    <ClCompile Include="ed25519\fe_neg.cpp">
      <Filter>ed25519</Filter>
    </ClCompile>
    <ClCompile Include="ed25519\fe_pow22523.cpp">
      <Filter>ed25519</Filter>
    </ClCompile>
    <ClCompile Include="ed25519\fe_sq.cpp">
      <Filter>ed25519</Filter>
    </ClCompile>
    <ClCompile Include="ed25519\fe_sq2.cpp">
      <Filter>ed25519</Filter>
    </ClCompile>
    <ClCompile Include="ed25519\fe_sub.cpp">
      <Filter>ed25519</Filter>
    </ClCompile>
    <ClCompile Include="ed25519\fe_tobytes.cpp">
      <Filter>ed25519</Filter>
    </ClCompile>
    <ClCompile Include="ed25519\ge_add.cpp">
      <Filter>ed25519</Filter>
    </ClCompile>
    <ClCompile Include="ed25519\ge_double_scalarmult.cpp">
      <Filter>ed25519</Filter>
    </ClCompile>
    <ClCompile Include="ed25519\ge_frombytes.cpp">
      <Filter>ed25519</Filter>
    </ClCompile>
    <ClCompile Include="ed25519\ge_madd.cpp">
      <Filter>ed25519</Filter>
    </ClCompile>
    <ClCompile Include="ed25519\ge_msub.cpp">
      <Filter>ed25519</Filter>
    </ClCompile>
    <ClCompile Include="ed25519\ge_p1p1_to_p2.cpp">
      <Filter>ed25519</Filter>
    </ClCompile>
    <ClCompile Include="ed25519\ge_p1p1_to_p3.cpp">
      <Filter>ed25519</Filter>
    </ClCompile>
    <ClCompile Include="ed25519\ge_p2_0.cpp">
      <Filter>ed25519</Filter>
    </ClCompile>
    <ClCompile Include="ed25519\ge_p2_dbl.cpp">
      <Filter>ed25519</Filter>
    </ClCompile>
    <ClCompile Include="ed25519\ge_p3_0.cpp">
      <Filter>ed25519</Filter>
    </ClCompile>
    <ClCompile Include="ed25519\ge_p3_dbl.cpp">
      <Filter>ed25519</Filter>
    </ClCompile>
    <ClCompile Include="ed25519\ge_p3_to_cached.cpp">
      <Filter>ed25519</Filter>
    </ClCompile>
    <ClCompile Include="ed25519\ge_p3_to_p2.cpp">
      <Filter>ed25519</Filter>
    </ClCompile>
    <ClCompile Include="ed25519\ge_p3_tobytes.cpp">
      <Filter>ed25519</Filter>
    </ClCompile>
    <ClCompile Include="ed25519\ge_precomp_0.cpp">
      <Filter>ed25519</Filter>
    </ClCompile>
    <ClCompile Include="ed25519\ge_scalarmult_base.cpp">
      <Filter>ed25519</Filter>
    </ClCompile>
    <ClCompile Include="ed25519\ge_sub.cpp">
      <Filter>ed25519</Filter>
    </ClCompile>
    <ClCompile Include="ed25519\ge_tobytes.cpp">
      <Filter>ed25519</Filter>
    </ClCompile>
    <ClCompile Include="ed25519\open.cpp">
      <Filter>ed25519</Filter>
    </ClCompile>
    <ClCompile Include="ed25519\sc_muladd.cpp">
      <Filter>ed25519</Filter>
    </ClCompile>
    <ClCompile Include="ed25519\sc_reduce.cpp">
      <Filter>ed25519</Filter>
    </ClCompile>
    <ClCompile Include="ed25519\sign.cpp">
      <Filter>ed25519</Filter>
    </ClCompile>
    <ClCompile Include="ed25519\additions\compare.cpp">
      <Filter>ed25519\additions</Filter>
    </ClCompile>
    <ClCompile Include="ed25519\additions\curve_sigs.cpp">
      <Filter>ed25519\additions</Filter>
    </ClCompile>
    <ClCompile Include="ed25519\additions\sign_modified.cpp">
      <Filter>ed25519\additions</Filter>
    </ClCompile>
    <ClCompile Include="ed25519\additions\zeroize.cpp">
      <Filter>ed25519\additions</Filter>
    </ClCompile>
    <ClCompile Include="ed25519\nacl_sha512\blocks.cpp">
      <Filter>ed25519\nacl_sha512</Filter>
    </ClCompile>
    <ClCompile Include="ed25519\nacl_sha512\hash.cpp">
      <Filter>ed25519\nacl_sha512</Filter>
    </ClCompile>
  </ItemGroup>
</Project>